
Microsoft Visual Studio Solution File, Format Version 12.00
# Visual Studio Version 16
VisualStudioVersion = 25.0.1706.7
MinimumVisualStudioVersion = 10.0.40219.1
Project("{FAE04EC0-301F-11D3-BF4B-00C04F79EFBC}") = "Athena", "Athena\Athena.csproj", "{0A224E17-7E86-481C-98EB-268A44868AD8}"
EndProject
Global
	GlobalSection(SolutionConfigurationPlatforms) = preSolution
		Debug|Any CPU = Debug|Any CPU
		Release|Any CPU = Release|Any CPU
	EndGlobalSection
	GlobalSection(ProjectConfigurationPlatforms) = postSolution
		{0A224E17-7E86-481C-98EB-268A44868AD8}.Debug|Any CPU.ActiveCfg = Debug|Any CPU
		{0A224E17-7E86-481C-98EB-268A44868AD8}.Debug|Any CPU.Build.0 = Debug|Any CPU
		{0A224E17-7E86-481C-98EB-268A44868AD8}.Release|Any CPU.ActiveCfg = Release|Any CPU
		{0A224E17-7E86-481C-98EB-268A44868AD8}.Release|Any CPU.Build.0 = Release|Any CPU
	EndGlobalSection
	GlobalSection(SolutionProperties) = preSolution
		HideSolutionNode = FALSE
	EndGlobalSection
	GlobalSection(ExtensibilityGlobals) = postSolution
		SolutionGuid = {5F48826A-7FBC-46E2-907F-86498B836C71}
	EndGlobalSection
EndGlobal
